
Microsoft Visual Studio Solution File, Format Version 12.00
# Visual Studio Version 17
VisualStudioVersion = 17.4.33213.308
MinimumVisualStudioVersion = 10.0.40219.1
Project("{9A19103F-16F7-4668-BE54-9A1E7A4F7556}") = "WebApplication1", "WebApplication1\WebApplication1.csproj", "{FCEA2936-6C95-4A94-8F1C-2D95A13CE295}"
EndProject
Project("{9A19103F-16F7-4668-BE54-9A1E7A4F7556}") = "NotexUnitTest", "..\NotexUnitTest\NotexUnitTest\NotexUnitTest.csproj", "{2A5852AF-B3C3-4E70-ACF4-62CB46C8626D}"
EndProject
Global
	GlobalSection(SolutionConfigurationPlatforms) = preSolution
		Debug|Any CPU = Debug|Any CPU
		Release|Any CPU = Release|Any CPU
	EndGlobalSection
	GlobalSection(ProjectConfigurationPlatforms) = postSolution
		{FCEA2936-6C95-4A94-8F1C-2D95A13CE295}.Debug|Any CPU.ActiveCfg = Debug|Any CPU
		{FCEA2936-6C95-4A94-8F1C-2D95A13CE295}.Debug|Any CPU.Build.0 = Debug|Any CPU
		{FCEA2936-6C95-4A94-8F1C-2D95A13CE295}.Release|Any CPU.ActiveCfg = Release|Any CPU
		{FCEA2936-6C95-4A94-8F1C-2D95A13CE295}.Release|Any CPU.Build.0 = Release|Any CPU
		{2A5852AF-B3C3-4E70-ACF4-62CB46C8626D}.Debug|Any CPU.ActiveCfg = Debug|Any CPU
		{2A5852AF-B3C3-4E70-ACF4-62CB46C8626D}.Debug|Any CPU.Build.0 = Debug|Any CPU
		{2A5852AF-B3C3-4E70-ACF4-62CB46C8626D}.Release|Any CPU.ActiveCfg = Release|Any CPU
		{2A5852AF-B3C3-4E70-ACF4-62CB46C8626D}.Release|Any CPU.Build.0 = Release|Any CPU
	EndGlobalSection
	GlobalSection(SolutionProperties) = preSolution
		HideSolutionNode = FALSE
	EndGlobalSection
	GlobalSection(ExtensibilityGlobals) = postSolution
		SolutionGuid = {75EB2566-4BBD-4F0D-AA78-14A541E2FFC9}
	EndGlobalSection
EndGlobal
